// !$*UTF8*$!
{
	archiveVersion = 1;
	classes = {
	};
	objectVersion = 77;
	objects = {

/* Begin PBXContainerItemProxy section */
		7B5724072D2981E8009209EC /* PBXContainerItemProxy */ = {
			isa = PBXContainerItemProxy;
			containerPortal = 7B5723EE2D2981E7009209EC /* Project object */;
			proxyType = 1;
			remoteGlobalIDString = 7B5723F52D2981E7009209EC;
			remoteInfo = "75-hard";
		};
		7B5724112D2981E8009209EC /* PBXContainerItemProxy */ = {
			isa = PBXContainerItemProxy;
			containerPortal = 7B5723EE2D2981E7009209EC /* Project object */;
			proxyType = 1;
			remoteGlobalIDString = 7B5723F52D2981E7009209EC;
			remoteInfo = "75-hard";
		};
/* End PBXContainerItemProxy section */

/* Begin PBXFileReference section */
		7B5723F62D2981E7009209EC /* 75-hard.app */ = {isa = PBXFileReference; explicitFileType = wrapper.application; includeInIndex = 0; path = "75-hard.app"; sourceTree = BUILT_PRODUCTS_DIR; };
		7B5724062D2981E8009209EC /* 75-hardTests.xctest */ = {isa = PBXFileReference; explicitFileType = wrapper.cfbundle; includeInIndex = 0; path = "75-hardTests.xctest"; sourceTree = BUILT_PRODUCTS_DIR; };
		7B5724102D2981E8009209EC /* 75-hardUITests.xctest */ = {isa = PBXFileReference; explicitFileType = wrapper.cfbundle; includeInIndex = 0; path = "75-hardUITests.xctest"; sourceTree = BUILT_PRODUCTS_DIR; };
/* End PBXFileReference section */

/* Begin PBXFileSystemSynchronizedBuildFileExceptionSet section */
		7B5724752D2A3090009209EC /* Exceptions for "75-hard" folder in "75-hard" target */ = {
			isa = PBXFileSystemSynchronizedBuildFileExceptionSet;
			membershipExceptions = (
				Views/Untitled.swift,
			);
			target = 7B5723F52D2981E7009209EC /* 75-hard */;
		};
/* End PBXFileSystemSynchronizedBuildFileExceptionSet section */

/* Begin PBXFileSystemSynchronizedRootGroup section */
		7B5723F82D2981E7009209EC /* 75-hard */ = {
			isa = PBXFileSystemSynchronizedRootGroup;
			exceptions = (
				7B5724752D2A3090009209EC /* Exceptions for "75-hard" folder in "75-hard" target */,
			);
			path = "75-hard";
			sourceTree = "<group>";
		};
		7B5724092D2981E8009209EC /* 75-hardTests */ = {
			isa = PBXFileSystemSynchronizedRootGroup;
			path = "75-hardTests";
			sourceTree = "<group>";
		};
		7B5724132D2981E8009209EC /* 75-hardUITests */ = {
			isa = PBXFileSystemSynchronizedRootGroup;
			path = "75-hardUITests";
			sourceTree = "<group>";
		};
/* End PBXFileSystemSynchronizedRootGroup section */

/* Begin PBXFrameworksBuildPhase section */
		7B5723F32D2981E7009209EC /* Frameworks */ = {
			isa = PBXFrameworksBuildPhase;
			buildActionMask = 2147483647;
			files = (
			);
			runOnlyForDeploymentPostprocessing = 0;
		};
		7B5724032D2981E8009209EC /* Frameworks */ = {
			isa = PBXFrameworksBuildPhase;
			buildActionMask = 2147483647;
			files = (
			);
			runOnlyForDeploymentPostprocessing = 0;
		};
		7B57240D2D2981E8009209EC /* Frameworks */ = {
			isa = PBXFrameworksBuildPhase;
			buildActionMask = 2147483647;
			files = (
			);
			runOnlyForDeploymentPostprocessing = 0;
		};
/* End PBXFrameworksBuildPhase section */

/* Begin PBXGroup section */
		7B5723ED2D2981E7009209EC = {
			isa = PBXGroup;
			children = (
				7B5723F82D2981E7009209EC /* 75-hard */,
				7B5724092D2981E8009209EC /* 75-hardTests */,
				7B5724132D2981E8009209EC /* 75-hardUITests */,
				7B5723F72D2981E7009209EC /* Products */,
			);
			sourceTree = "<group>";
		};
		7B5723F72D2981E7009209EC /* Products */ = {
			isa = PBXGroup;
			children = (
				7B5723F62D2981E7009209EC /* 75-hard.app */,
				7B5724062D2981E8009209EC /* 75-hardTests.xctest */,
				7B5724102D2981E8009209EC /* 75-hardUITests.xctest */,
			);
			name = Products;
			sourceTree = "<group>";
		};
/* End PBXGroup section */

/* Begin PBXNativeTarget section */
		7B5723F52D2981E7009209EC /* 75-hard */ = {
			isa = PBXNativeTarget;
			buildConfigurationList = 7B57241A2D2981E8009209EC /* Build configuration list for PBXNativeTarget "75-hard" */;
			buildPhases = (
				7B5723F22D2981E7009209EC /* Sources */,
				7B5723F32D2981E7009209EC /* Frameworks */,
				7B5723F42D2981E7009209EC /* Resources */,
			);
			buildRules = (
			);
			dependencies = (
			);
			fileSystemSynchronizedGroups = (
				7B5723F82D2981E7009209EC /* 75-hard */,
			);
			name = "75-hard";
			packageProductDependencies = (
			);
			productName = "75-hard";
			productReference = 7B5723F62D2981E7009209EC /* 75-hard.app */;
			productType = "com.apple.product-type.application";
		};
		7B5724052D2981E8009209EC /* 75-hardTests */ = {
			isa = PBXNativeTarget;
			buildConfigurationList = 7B57241D2D2981E8009209EC /* Build configuration list for PBXNativeTarget "75-hardTests" */;
			buildPhases = (
				7B5724022D2981E8009209EC /* Sources */,
				7B5724032D2981E8009209EC /* Frameworks */,
				7B5724042D2981E8009209EC /* Resources */,
			);
			buildRules = (
			);
			dependencies = (
				7B5724082D2981E8009209EC /* PBXTargetDependency */,
			);
			fileSystemSynchronizedGroups = (
				7B5724092D2981E8009209EC /* 75-hardTests */,
			);
			name = "75-hardTests";
			packageProductDependencies = (
			);
			productName = "75-hardTests";
			productReference = 7B5724062D2981E8009209EC /* 75-hardTests.xctest */;
			productType = "com.apple.product-type.bundle.unit-test";
		};
		7B57240F2D2981E8009209EC /* 75-hardUITests */ = {
			isa = PBXNativeTarget;
			buildConfigurationList = 7B5724202D2981E8009209EC /* Build configuration list for PBXNativeTarget "75-hardUITests" */;
			buildPhases = (
				7B57240C2D2981E8009209EC /* Sources */,
				7B57240D2D2981E8009209EC /* Frameworks */,
				7B57240E2D2981E8009209EC /* Resources */,
			);
			buildRules = (
			);
			dependencies = (
				7B5724122D2981E8009209EC /* PBXTargetDependency */,
			);
			fileSystemSynchronizedGroups = (
				7B5724132D2981E8009209EC /* 75-hardUITests */,
			);
			name = "75-hardUITests";
			packageProductDependencies = (
			);
			productName = "75-hardUITests";
			productReference = 7B5724102D2981E8009209EC /* 75-hardUITests.xctest */;
			productType = "com.apple.product-type.bundle.ui-testing";
		};
/* End PBXNativeTarget section */

/* Begin PBXProject section */
		7B5723EE2D2981E7009209EC /* Project object */ = {
			isa = PBXProject;
			attributes = {
				BuildIndependentTargetsInParallel = 1;
				LastSwiftUpdateCheck = 1610;
				LastUpgradeCheck = 1610;
				TargetAttributes = {
					7B5723F52D2981E7009209EC = {
						CreatedOnToolsVersion = 16.1;
					};
					7B5724052D2981E8009209EC = {
						CreatedOnToolsVersion = 16.1;
						TestTargetID = 7B5723F52D2981E7009209EC;
					};
					7B57240F2D2981E8009209EC = {
						CreatedOnToolsVersion = 16.1;
						TestTargetID = 7B5723F52D2981E7009209EC;
					};
				};
			};
			buildConfigurationList = 7B5723F12D2981E7009209EC /* Build configuration list for PBXProject "75-hard" */;
			developmentRegion = en;
			hasScannedForEncodings = 0;
			knownRegions = (
				en,
				Base,
			);
			mainGroup = 7B5723ED2D2981E7009209EC;
			minimizedProjectReferenceProxies = 1;
			preferredProjectObjectVersion = 77;
			productRefGroup = 7B5723F72D2981E7009209EC /* Products */;
			projectDirPath = "";
			projectRoot = "";
			targets = (
				7B5723F52D2981E7009209EC /* 75-hard */,
				7B5724052D2981E8009209EC /* 75-hardTests */,
				7B57240F2D2981E8009209EC /* 75-hardUITests */,
			);
		};
/* End PBXProject section */

/* Begin PBXResourcesBuildPhase section */
		7B5723F42D2981E7009209EC /* Resources */ = {
			isa = PBXResourcesBuildPhase;
			buildActionMask = 2147483647;
			files = (
			);
			runOnlyForDeploymentPostprocessing = 0;
		};
		7B5724042D2981E8009209EC /* Resources */ = {
			isa = PBXResourcesBuildPhase;
			buildActionMask = 2147483647;
			files = (
			);
			runOnlyForDeploymentPostprocessing = 0;
		};
		7B57240E2D2981E8009209EC /* Resources */ = {
			isa = PBXResourcesBuildPhase;
			buildActionMask = 2147483647;
			files = (
			);
			runOnlyForDeploymentPostprocessing = 0;
		};
/* End PBXResourcesBuildPhase section */

/* Begin PBXSourcesBuildPhase section */
		7B5723F22D2981E7009209EC /* Sources */ = {
			isa = PBXSourcesBuildPhase;
			buildActionMask = 2147483647;
			files = (
			);
			runOnlyForDeploymentPostprocessing = 0;
		};
		7B5724022D2981E8009209EC /* Sources */ = {
			isa = PBXSourcesBuildPhase;
			buildActionMask = 2147483647;
			files = (
			);
			runOnlyForDeploymentPostprocessing = 0;
		};
		7B57240C2D2981E8009209EC /* Sources */ = {
			isa = PBXSourcesBuildPhase;
			buildActionMask = 2147483647;
			files = (
			);
			runOnlyForDeploymentPostprocessing = 0;
		};
/* End PBXSourcesBuildPhase section */

/* Begin PBXTargetDependency section */
		7B5724082D2981E8009209EC /* PBXTargetDependency */ = {
			isa = PBXTargetDependency;
			target = 7B5723F52D2981E7009209EC /* 75-hard */;
			targetProxy = 7B5724072D2981E8009209EC /* PBXContainerItemProxy */;
		};
		7B5724122D2981E8009209EC /* PBXTargetDependency */ = {
			isa = PBXTargetDependency;
			target = 7B5723F52D2981E7009209EC /* 75-hard */;
			targetProxy = 7B5724112D2981E8009209EC /* PBXContainerItemProxy */;
		};
/* End PBXTargetDependency section */

/* Begin XCBuildConfiguration section */
		7B5724182D2981E8009209EC /* Debug */ = {
			isa = XCBuildConfiguration;
			buildSettings = {
				ALWAYS_SEARCH_USER_PATHS = NO;
				ASSETCATALOG_COMPILER_GENERATE_SWIFT_ASSET_SYMBOL_EXTENSIONS = YES;
				CLANG_ANALYZER_NONNULL = YES;
				CLANG_ANALYZER_NUMBER_OBJECT_CONVERSION = YES_AGGRESSIVE;
				CLANG_CXX_LANGUAGE_STANDARD = "gnu++20";
				CLANG_ENABLE_MODULES = YES;
				CLANG_ENABLE_OBJC_ARC = YES;
				CLANG_ENABLE_OBJC_WEAK = YES;
				CLANG_WARN_BLOCK_CAPTURE_AUTORELEASING = YES;
				CLANG_WARN_BOOL_CONVERSION = YES;
				CLANG_WARN_COMMA = YES;
				CLANG_WARN_CONSTANT_CONVERSION = YES;
				CLANG_WARN_DEPRECATED_OBJC_IMPLEMENTATIONS = YES;
				CLANG_WARN_DIRECT_OBJC_ISA_USAGE = YES_ERROR;
				CLANG_WARN_DOCUMENTATION_COMMENTS = YES;
				CLANG_WARN_EMPTY_BODY = YES;
				CLANG_WARN_ENUM_CONVERSION = YES;
				CLANG_WARN_INFINITE_RECURSION = YES;
				CLANG_WARN_INT_CONVERSION = YES;
				CLANG_WARN_NON_LITERAL_NULL_CONVERSION = YES;
				CLANG_WARN_OBJC_IMPLICIT_RETAIN_SELF = YES;
				CLANG_WARN_OBJC_LITERAL_CONVERSION = YES;
				CLANG_WARN_OBJC_ROOT_CLASS = YES_ERROR;
				CLANG_WARN_QUOTED_INCLUDE_IN_FRAMEWORK_HEADER = YES;
				CLANG_WARN_RANGE_LOOP_ANALYSIS = YES;
				CLANG_WARN_STRICT_PROTOTYPES = YES;
				CLANG_WARN_SUSPICIOUS_MOVE = YES;
				CLANG_WARN_UNGUARDED_AVAILABILITY = YES_AGGRESSIVE;
				CLANG_WARN_UNREACHABLE_CODE = YES;
				CLANG_WARN__DUPLICATE_METHOD_MATCH = YES;
				COPY_PHASE_STRIP = NO;
				DEBUG_INFORMATION_FORMAT = dwarf;
				ENABLE_STRICT_OBJC_MSGSEND = YES;
				ENABLE_TESTABILITY = YES;
				ENABLE_USER_SCRIPT_SANDBOXING = YES;
				GCC_C_LANGUAGE_STANDARD = gnu17;
				GCC_DYNAMIC_NO_PIC = NO;
				GCC_NO_COMMON_BLOCKS = YES;
				GCC_OPTIMIZATION_LEVEL = 0;
				GCC_PREPROCESSOR_DEFINITIONS = (
					"DEBUG=1",
					"$(inherited)",
				);
				GCC_WARN_64_TO_32_BIT_CONVERSION = YES;
				GCC_WARN_ABOUT_RETURN_TYPE = YES_ERROR;
				GCC_WARN_UNDECLARED_SELECTOR = YES;
				GCC_WARN_UNINITIALIZED_AUTOS = YES_AGGRESSIVE;
				GCC_WARN_UNUSED_FUNCTION = YES;
				GCC_WARN_UNUSED_VARIABLE = YES;
				IPHONEOS_DEPLOYMENT_TARGET = 18.1;
				LOCALIZATION_PREFERS_STRING_CATALOGS = YES;
				MTL_ENABLE_DEBUG_INFO = INCLUDE_SOURCE;
				MTL_FAST_MATH = YES;
				ONLY_ACTIVE_ARCH = YES;
				SDKROOT = iphoneos;
				SWIFT_ACTIVE_COMPILATION_CONDITIONS = "DEBUG $(inherited)";
				SWIFT_OPTIMIZATION_LEVEL = "-Onone";
			};
			name = Debug;
		};
		7B5724192D2981E8009209EC /* Release */ = {
			isa = XCBuildConfiguration;
			buildSettings = {
				ALWAYS_SEARCH_USER_PATHS = NO;
				ASSETCATALOG_COMPILER_GENERATE_SWIFT_ASSET_SYMBOL_EXTENSIONS = YES;
				CLANG_ANALYZER_NONNULL = YES;
				CLANG_ANALYZER_NUMBER_OBJECT_CONVERSION = YES_AGGRESSIVE;
				CLANG_CXX_LANGUAGE_STANDARD = "gnu++20";
				CLANG_ENABLE_MODULES = YES;
				CLANG_ENABLE_OBJC_ARC = YES;
				CLANG_ENABLE_OBJC_WEAK = YES;
				CLANG_WARN_BLOCK_CAPTURE_AUTORELEASING = YES;
				CLANG_WARN_BOOL_CONVERSION = YES;
				CLANG_WARN_COMMA = YES;
				CLANG_WARN_CONSTANT_CONVERSION = YES;
				CLANG_WARN_DEPRECATED_OBJC_IMPLEMENTATIONS = YES;
				CLANG_WARN_DIRECT_OBJC_ISA_USAGE = YES_ERROR;
				CLANG_WARN_DOCUMENTATION_COMMENTS = YES;
				CLANG_WARN_EMPTY_BODY = YES;
				CLANG_WARN_ENUM_CONVERSION = YES;
				CLANG_WARN_INFINITE_RECURSION = YES;
				CLANG_WARN_INT_CONVERSION = YES;
				CLANG_WARN_NON_LITERAL_NULL_CONVERSION = YES;
				CLANG_WARN_OBJC_IMPLICIT_RETAIN_SELF = YES;
				CLANG_WARN_OBJC_LITERAL_CONVERSION = YES;
				CLANG_WARN_OBJC_ROOT_CLASS = YES_ERROR;
				CLANG_WARN_QUOTED_INCLUDE_IN_FRAMEWORK_HEADER = YES;
				CLANG_WARN_RANGE_LOOP_ANALYSIS = YES;
				CLANG_WARN_STRICT_PROTOTYPES = YES;
				CLANG_WARN_SUSPICIOUS_MOVE = YES;
				CLANG_WARN_UNGUARDED_AVAILABILITY = YES_AGGRESSIVE;
				CLANG_WARN_UNREACHABLE_CODE = YES;
				CLANG_WARN__DUPLICATE_METHOD_MATCH = YES;
				COPY_PHASE_STRIP = NO;
				DEBUG_INFORMATION_FORMAT = "dwarf-with-dsym";
				ENABLE_NS_ASSERTIONS = NO;
				ENABLE_STRICT_OBJC_MSGSEND = YES;
				ENABLE_USER_SCRIPT_SANDBOXING = YES;
				GCC_C_LANGUAGE_STANDARD = gnu17;
				GCC_NO_COMMON_BLOCKS = YES;
				GCC_WARN_64_TO_32_BIT_CONVERSION = YES;
				GCC_WARN_ABOUT_RETURN_TYPE = YES_ERROR;
				GCC_WARN_UNDECLARED_SELECTOR = YES;
				GCC_WARN_UNINITIALIZED_AUTOS = YES_AGGRESSIVE;
				GCC_WARN_UNUSED_FUNCTION = YES;
				GCC_WARN_UNUSED_VARIABLE = YES;
				IPHONEOS_DEPLOYMENT_TARGET = 18.1;
				LOCALIZATION_PREFERS_STRING_CATALOGS = YES;
				MTL_ENABLE_DEBUG_INFO = NO;
				MTL_FAST_MATH = YES;
				SDKROOT = iphoneos;
				SWIFT_COMPILATION_MODE = wholemodule;
				VALIDATE_PRODUCT = YES;
			};
			name = Release;
		};
		7B57241B2D2981E8009209EC /* Debug */ = {
			isa = XCBuildConfiguration;
			buildSettings = {
				ASSETCATALOG_COMPILER_APPICON_NAME = AppIcon;
				ASSETCATALOG_COMPILER_GLOBAL_ACCENT_COLOR_NAME = AccentColor;
				CODE_SIGN_STYLE = Automatic;
				CURRENT_PROJECT_VERSION = 1;
				DEVELOPMENT_ASSET_PATHS = "\"75-hard/Preview Content\"";
				DEVELOPMENT_TEAM = 2J8L6HN533;
				ENABLE_PREVIEWS = YES;
				GENERATE_INFOPLIST_FILE = YES;
				INFOPLIST_FILE = "-5-hard-Info.plist";
				INFOPLIST_KEY_NSCameraUsageDescription = "75 Hard Challenge needs camera access to take your daily progress photos";
				INFOPLIST_KEY_NSPhotoLibraryAddUsageDescription = "75 Hard Challenge needs permission to save your progress photos to your library";
				INFOPLIST_KEY_NSPhotoLibraryUsageDescription = "75 Hard Challenge needs access to your photo library to save and select progress photos";
				INFOPLIST_KEY_UIApplicationSceneManifest_Generation = YES;
				INFOPLIST_KEY_UIApplicationSupportsIndirectInputEvents = YES;
				INFOPLIST_KEY_UILaunchScreen_Generation = YES;
				INFOPLIST_KEY_UISupportedInterfaceOrientations_iPad = "UIInterfaceOrientationPortrait UIInterfaceOrientationPortraitUpsideDown UIInterfaceOrientationLandscapeLeft UIInterfaceOrientationLandscapeRight";
				INFOPLIST_KEY_UISupportedInterfaceOrientations_iPhone = "UIInterfaceOrientationPortrait UIInterfaceOrientationLandscapeLeft UIInterfaceOrientationLandscapeRight";
				LD_RUNPATH_SEARCH_PATHS = (
					"$(inherited)",
					"@executable_path/Frameworks",
				);
				MARKETING_VERSION = 1.0;
				PRODUCT_BUNDLE_IDENTIFIER = "kemzapps.-5-hard";
				PRODUCT_NAME = "$(TARGET_NAME)";
				SWIFT_EMIT_LOC_STRINGS = YES;
				SWIFT_VERSION = 5.0;
				TARGETED_DEVICE_FAMILY = "1,2";
			};
			name = Debug;
		};
		7B57241C2D2981E8009209EC /* Release */ = {
			isa = XCBuildConfiguration;
			buildSettings = {
				ASSETCATALOG_COMPILER_APPICON_NAME = AppIcon;
				ASSETCATALOG_COMPILER_GLOBAL_ACCENT_COLOR_NAME = AccentColor;
				CODE_SIGN_STYLE = Automatic;
				CURRENT_PROJECT_VERSION = 1;
				DEVELOPMENT_ASSET_PATHS = "\"75-hard/Preview Content\"";
				DEVELOPMENT_TEAM = 2J8L6HN533;
				ENABLE_PREVIEWS = YES;
				GENERATE_INFOPLIST_FILE = YES;
				INFOPLIST_FILE = "-5-hard-Info.plist";
				INFOPLIST_KEY_NSCameraUsageDescription = "75 Hard Challenge needs camera access to take your daily progress photos";
				INFOPLIST_KEY_NSPhotoLibraryAddUsageDescription = "75 Hard Challenge needs permission to save your progress photos to your library";
				INFOPLIST_KEY_NSPhotoLibraryUsageDescription = "75 Hard Challenge needs access to your photo library to save and select progress photos";
				INFOPLIST_KEY_UIApplicationSceneManifest_Generation = YES;
				INFOPLIST_KEY_UIApplicationSupportsIndirectInputEvents = YES;
				INFOPLIST_KEY_UILaunchScreen_Generation = YES;
				INFOPLIST_KEY_UISupportedInterfaceOrientations_iPad = "UIInterfaceOrientationPortrait UIInterfaceOrientationPortraitUpsideDown UIInterfaceOrientationLandscapeLeft UIInterfaceOrientationLandscapeRight";
				INFOPLIST_KEY_UISupportedInterfaceOrientations_iPhone = "UIInterfaceOrientationPortrait UIInterfaceOrientationLandscapeLeft UIInterfaceOrientationLandscapeRight";
				LD_RUNPATH_SEARCH_PATHS = (
					"$(inherited)",
					"@executable_path/Frameworks",
				);
				MARKETING_VERSION = 1.0;
				PRODUCT_BUNDLE_IDENTIFIER = "kemzapps.-5-hard";
				PRODUCT_NAME = "$(TARGET_NAME)";
				SWIFT_EMIT_LOC_STRINGS = YES;
				SWIFT_VERSION = 5.0;
				TARGETED_DEVICE_FAMILY = "1,2";
			};
			name = Release;
		};
		7B57241E2D2981E8009209EC /* Debug */ = {
			isa = XCBuildConfiguration;
			buildSettings = {
				BUNDLE_LOADER = "$(TEST_HOST)";
				CODE_SIGN_STYLE = Automatic;
				CURRENT_PROJECT_VERSION = 1;
				DEVELOPMENT_TEAM = 2J8L6HN533;
				GENERATE_INFOPLIST_FILE = YES;
				IPHONEOS_DEPLOYMENT_TARGET = 18.1;
				MARKETING_VERSION = 1.0;
				PRODUCT_BUNDLE_IDENTIFIER = "kemzapps.-5-hardTests";
				PRODUCT_NAME = "$(TARGET_NAME)";
				SWIFT_EMIT_LOC_STRINGS = NO;
				SWIFT_VERSION = 5.0;
				TARGETED_DEVICE_FAMILY = "1,2";
				TEST_HOST = "$(BUILT_PRODUCTS_DIR)/75-hard.app/$(BUNDLE_EXECUTABLE_FOLDER_PATH)/75-hard";
			};
			name = Debug;
		};
		7B57241F2D2981E8009209EC /* Release */ = {
			isa = XCBuildConfiguration;
			buildSettings = {
				BUNDLE_LOADER = "$(TEST_HOST)";
				CODE_SIGN_STYLE = Automatic;
				CURRENT_PROJECT_VERSION = 1;
				DEVELOPMENT_TEAM = 2J8L6HN533;
				GENERATE_INFOPLIST_FILE = YES;
				IPHONEOS_DEPLOYMENT_TARGET = 18.1;
				MARKETING_VERSION = 1.0;
				PRODUCT_BUNDLE_IDENTIFIER = "kemzapps.-5-hardTests";
				PRODUCT_NAME = "$(TARGET_NAME)";
				SWIFT_EMIT_LOC_STRINGS = NO;
				SWIFT_VERSION = 5.0;
				TARGETED_DEVICE_FAMILY = "1,2";
				TEST_HOST = "$(BUILT_PRODUCTS_DIR)/75-hard.app/$(BUNDLE_EXECUTABLE_FOLDER_PATH)/75-hard";
			};
			name = Release;
		};
		7B5724212D2981E8009209EC /* Debug */ = {
			isa = XCBuildConfiguration;
			buildSettings = {
				CODE_SIGN_STYLE = Automatic;
				CURRENT_PROJECT_VERSION = 1;
				DEVELOPMENT_TEAM = 2J8L6HN533;
				GENERATE_INFOPLIST_FILE = YES;
				MARKETING_VERSION = 1.0;
				PRODUCT_BUNDLE_IDENTIFIER = "kemzapps.-5-hardUITests";
				PRODUCT_NAME = "$(TARGET_NAME)";
				SWIFT_EMIT_LOC_STRINGS = NO;
				SWIFT_VERSION = 5.0;
				TARGETED_DEVICE_FAMILY = "1,2";
				TEST_TARGET_NAME = "75-hard";
			};
			name = Debug;
		};
		7B5724222D2981E8009209EC /* Release */ = {
			isa = XCBuildConfiguration;
			buildSettings = {
				CODE_SIGN_STYLE = Automatic;
				CURRENT_PROJECT_VERSION = 1;
				DEVELOPMENT_TEAM = 2J8L6HN533;
				GENERATE_INFOPLIST_FILE = YES;
				MARKETING_VERSION = 1.0;
				PRODUCT_BUNDLE_IDENTIFIER = "kemzapps.-5-hardUITests";
				PRODUCT_NAME = "$(TARGET_NAME)";
				SWIFT_EMIT_LOC_STRINGS = NO;
				SWIFT_VERSION = 5.0;
				TARGETED_DEVICE_FAMILY = "1,2";
				TEST_TARGET_NAME = "75-hard";
			};
			name = Release;
		};
/* End XCBuildConfiguration section */

/* Begin XCConfigurationList section */
		7B5723F12D2981E7009209EC /* Build configuration list for PBXProject "75-hard" */ = {
			isa = XCConfigurationList;
			buildConfigurations = (
				7B5724182D2981E8009209EC /* Debug */,
				7B5724192D2981E8009209EC /* Release */,
			);
			defaultConfigurationIsVisible = 0;
			defaultConfigurationName = Release;
		};
		7B57241A2D2981E8009209EC /* Build configuration list for PBXNativeTarget "75-hard" */ = {
			isa = XCConfigurationList;
			buildConfigurations = (
				7B57241B2D2981E8009209EC /* Debug */,
				7B57241C2D2981E8009209EC /* Release */,
			);
			defaultConfigurationIsVisible = 0;
			defaultConfigurationName = Release;
		};
		7B57241D2D2981E8009209EC /* Build configuration list for PBXNativeTarget "75-hardTests" */ = {
			isa = XCConfigurationList;
			buildConfigurations = (
				7B57241E2D2981E8009209EC /* Debug */,
				7B57241F2D2981E8009209EC /* Release */,
			);
			defaultConfigurationIsVisible = 0;
			defaultConfigurationName = Release;
		};
		7B5724202D2981E8009209EC /* Build configuration list for PBXNativeTarget "75-hardUITests" */ = {
			isa = XCConfigurationList;
			buildConfigurations = (
				7B5724212D2981E8009209EC /* Debug */,
				7B5724222D2981E8009209EC /* Release */,
			);
			defaultConfigurationIsVisible = 0;
			defaultConfigurationName = Release;
		};
/* End XCConfigurationList section */
	};
	rootObject = 7B5723EE2D2981E7009209EC /* Project object */;
}
